// !$*UTF8*$!
{
	archiveVersion = 1;
	classes = {
	};
	objectVersion = 51;
	objects = {

/* Begin PBXBuildFile section */
		7808F853235244B900A696B1 /* NewsLineController.swift in Sources */ = {isa = PBXBuildFile; fileRef = 7808F852235244B900A696B1 /* NewsLineController.swift */; };
		7808F8552352479800A696B1 /* NewsCell.xib in Resources */ = {isa = PBXBuildFile; fileRef = 7808F8542352479700A696B1 /* NewsCell.xib */; };
		7808F8572352495600A696B1 /* NewsCell.swift in Sources */ = {isa = PBXBuildFile; fileRef = 7808F8562352495600A696B1 /* NewsCell.swift */; };
		78236123232C62E900A3A46D /* FrendsController.swift in Sources */ = {isa = PBXBuildFile; fileRef = 78236122232C62E900A3A46D /* FrendsController.swift */; };
		78236127232C666E00A3A46D /* UserGroupsController.swift in Sources */ = {isa = PBXBuildFile; fileRef = 78236126232C666E00A3A46D /* UserGroupsController.swift */; };
		78236129232C66B300A3A46D /* AllGroupsController.swift in Sources */ = {isa = PBXBuildFile; fileRef = 78236128232C66B300A3A46D /* AllGroupsController.swift */; };
		7823612B232C691200A3A46D /* AboutAFrendController.swift in Sources */ = {isa = PBXBuildFile; fileRef = 7823612A232C691200A3A46D /* AboutAFrendController.swift */; };
		7823612E232C712800A3A46D /* FrendTableCell.swift in Sources */ = {isa = PBXBuildFile; fileRef = 7823612D232C712800A3A46D /* FrendTableCell.swift */; };
		78236130232C78D000A3A46D /* FrendCollectionCell.swift in Sources */ = {isa = PBXBuildFile; fileRef = 7823612F232C78D000A3A46D /* FrendCollectionCell.swift */; };
		78236132232C7A7900A3A46D /* GroupTableCell.swift in Sources */ = {isa = PBXBuildFile; fileRef = 78236131232C7A7900A3A46D /* GroupTableCell.swift */; };
		783C78EA232AF1A400FF27AD /* AppDelegate.swift in Sources */ = {isa = PBXBuildFile; fileRef = 783C78E9232AF1A400FF27AD /* AppDelegate.swift */; };
		783C78EF232AF1A400FF27AD /* Main.storyboard in Resources */ = {isa = PBXBuildFile; fileRef = 783C78ED232AF1A400FF27AD /* Main.storyboard */; };
		783C78F1232AF1AD00FF27AD /* Assets.xcassets in Resources */ = {isa = PBXBuildFile; fileRef = 783C78F0232AF1AD00FF27AD /* Assets.xcassets */; };
		783C78F4232AF1AD00FF27AD /* LaunchScreen.storyboard in Resources */ = {isa = PBXBuildFile; fileRef = 783C78F2232AF1AD00FF27AD /* LaunchScreen.storyboard */; };
		783C78FC232AF24C00FF27AD /* LoginFormController.swift in Sources */ = {isa = PBXBuildFile; fileRef = 783C78FB232AF24C00FF27AD /* LoginFormController.swift */; };
		7871A6C823307AE5002F0E74 /* LikedControl.swift in Sources */ = {isa = PBXBuildFile; fileRef = 7871A6C723307AE5002F0E74 /* LikedControl.swift */; };
		7871A6CA23308F4A002F0E74 /* RoundedAvatar.swift in Sources */ = {isa = PBXBuildFile; fileRef = 7871A6C923308F4A002F0E74 /* RoundedAvatar.swift */; };
		78BF938F2353682500444FC9 /* LikedCounterControl.swift in Sources */ = {isa = PBXBuildFile; fileRef = 78BF938E2353682500444FC9 /* LikedCounterControl.swift */; };
		78EFD781234E072700AE8E75 /* PhotoGalleryController.swift in Sources */ = {isa = PBXBuildFile; fileRef = 78EFD780234E072700AE8E75 /* PhotoGalleryController.swift */; };
		7B57AE9623CEE2D2007B017F /* Session.swift in Sources */ = {isa = PBXBuildFile; fileRef = 7B57AE9523CEE2D2007B017F /* Session.swift */; };
		7BAACF2123CEFF72003BE01A /* VKApi.swift in Sources */ = {isa = PBXBuildFile; fileRef = 7BAACF2023CEFF72003BE01A /* VKApi.swift */; };
		7BE54A0023D1B83D00F49BA4 /* User.swift in Sources */ = {isa = PBXBuildFile; fileRef = 7BE549FF23D1B83D00F49BA4 /* User.swift */; };
		7BE54A0223D1CE0600F49BA4 /* Photo.swift in Sources */ = {isa = PBXBuildFile; fileRef = 7BE54A0123D1CE0600F49BA4 /* Photo.swift */; };
		7BE54A0423D1D12000F49BA4 /* Group.swift in Sources */ = {isa = PBXBuildFile; fileRef = 7BE54A0323D1D12000F49BA4 /* Group.swift */; };
		E0BDA920D1A83662142ECDD7 /* Pods_L1_KhlebnikovIgorUI.framework in Frameworks */ = {isa = PBXBuildFile; fileRef = 6605B593753947368833BB96 /* Pods_L1_KhlebnikovIgorUI.framework */; };
/* End PBXBuildFile section */

/* Begin PBXFileReference section */
		4CB9D97A6D63244CF006847A /* Pods-L1_KhlebnikovIgorUI.release.xcconfig */ = {isa = PBXFileReference; includeInIndex = 1; lastKnownFileType = text.xcconfig; name = "Pods-L1_KhlebnikovIgorUI.release.xcconfig"; path = "Target Support Files/Pods-L1_KhlebnikovIgorUI/Pods-L1_KhlebnikovIgorUI.release.xcconfig"; sourceTree = "<group>"; };
		6605B593753947368833BB96 /* Pods_L1_KhlebnikovIgorUI.framework */ = {isa = PBXFileReference; explicitFileType = wrapper.framework; includeInIndex = 0; path = Pods_L1_KhlebnikovIgorUI.framework; sourceTree = BUILT_PRODUCTS_DIR; };
		7808F852235244B900A696B1 /* NewsLineController.swift */ = {isa = PBXFileReference; lastKnownFileType = sourcecode.swift; path = NewsLineController.swift; sourceTree = "<group>"; };
		7808F8542352479700A696B1 /* NewsCell.xib */ = {isa = PBXFileReference; lastKnownFileType = file.xib; path = NewsCell.xib; sourceTree = "<group>"; };
		7808F8562352495600A696B1 /* NewsCell.swift */ = {isa = PBXFileReference; lastKnownFileType = sourcecode.swift; path = NewsCell.swift; sourceTree = "<group>"; };
		78236122232C62E900A3A46D /* FrendsController.swift */ = {isa = PBXFileReference; lastKnownFileType = sourcecode.swift; path = FrendsController.swift; sourceTree = "<group>"; };
		78236126232C666E00A3A46D /* UserGroupsController.swift */ = {isa = PBXFileReference; lastKnownFileType = sourcecode.swift; path = UserGroupsController.swift; sourceTree = "<group>"; };
		78236128232C66B300A3A46D /* AllGroupsController.swift */ = {isa = PBXFileReference; lastKnownFileType = sourcecode.swift; path = AllGroupsController.swift; sourceTree = "<group>"; };
		7823612A232C691200A3A46D /* AboutAFrendController.swift */ = {isa = PBXFileReference; lastKnownFileType = sourcecode.swift; path = AboutAFrendController.swift; sourceTree = "<group>"; };
		7823612D232C712800A3A46D /* FrendTableCell.swift */ = {isa = PBXFileReference; lastKnownFileType = sourcecode.swift; path = FrendTableCell.swift; sourceTree = "<group>"; };
		7823612F232C78D000A3A46D /* FrendCollectionCell.swift */ = {isa = PBXFileReference; lastKnownFileType = sourcecode.swift; path = FrendCollectionCell.swift; sourceTree = "<group>"; };
		78236131232C7A7900A3A46D /* GroupTableCell.swift */ = {isa = PBXFileReference; lastKnownFileType = sourcecode.swift; path = GroupTableCell.swift; sourceTree = "<group>"; };
		783C78E6232AF1A400FF27AD /* L1_KhlebnikovIgorUI.app */ = {isa = PBXFileReference; explicitFileType = wrapper.application; includeInIndex = 0; path = L1_KhlebnikovIgorUI.app; sourceTree = BUILT_PRODUCTS_DIR; };
		783C78E9232AF1A400FF27AD /* AppDelegate.swift */ = {isa = PBXFileReference; lastKnownFileType = sourcecode.swift; path = AppDelegate.swift; sourceTree = "<group>"; };
		783C78EE232AF1A400FF27AD /* Base */ = {isa = PBXFileReference; lastKnownFileType = file.storyboard; name = Base; path = Base.lproj/Main.storyboard; sourceTree = "<group>"; };
		783C78F0232AF1AD00FF27AD /* Assets.xcassets */ = {isa = PBXFileReference; lastKnownFileType = folder.assetcatalog; path = Assets.xcassets; sourceTree = "<group>"; };
		783C78F3232AF1AD00FF27AD /* Base */ = {isa = PBXFileReference; lastKnownFileType = file.storyboard; name = Base; path = Base.lproj/LaunchScreen.storyboard; sourceTree = "<group>"; };
		783C78F5232AF1AD00FF27AD /* Info.plist */ = {isa = PBXFileReference; lastKnownFileType = text.plist.xml; path = Info.plist; sourceTree = "<group>"; };
		783C78FB232AF24C00FF27AD /* LoginFormController.swift */ = {isa = PBXFileReference; lastKnownFileType = sourcecode.swift; path = LoginFormController.swift; sourceTree = "<group>"; };
		7871A6C723307AE5002F0E74 /* LikedControl.swift */ = {isa = PBXFileReference; lastKnownFileType = sourcecode.swift; path = LikedControl.swift; sourceTree = "<group>"; };
		7871A6C923308F4A002F0E74 /* RoundedAvatar.swift */ = {isa = PBXFileReference; lastKnownFileType = sourcecode.swift; path = RoundedAvatar.swift; sourceTree = "<group>"; usesTabs = 0; };
		78BF938E2353682500444FC9 /* LikedCounterControl.swift */ = {isa = PBXFileReference; lastKnownFileType = sourcecode.swift; path = LikedCounterControl.swift; sourceTree = "<group>"; };
		78EFD780234E072700AE8E75 /* PhotoGalleryController.swift */ = {isa = PBXFileReference; lastKnownFileType = sourcecode.swift; path = PhotoGalleryController.swift; sourceTree = "<group>"; };
		7B57AE9523CEE2D2007B017F /* Session.swift */ = {isa = PBXFileReference; lastKnownFileType = sourcecode.swift; path = Session.swift; sourceTree = "<group>"; };
		7BAACF2023CEFF72003BE01A /* VKApi.swift */ = {isa = PBXFileReference; lastKnownFileType = sourcecode.swift; path = VKApi.swift; sourceTree = "<group>"; };
		7BE549FF23D1B83D00F49BA4 /* User.swift */ = {isa = PBXFileReference; lastKnownFileType = sourcecode.swift; path = User.swift; sourceTree = "<group>"; };
		7BE54A0123D1CE0600F49BA4 /* Photo.swift */ = {isa = PBXFileReference; lastKnownFileType = sourcecode.swift; path = Photo.swift; sourceTree = "<group>"; };
		7BE54A0323D1D12000F49BA4 /* Group.swift */ = {isa = PBXFileReference; lastKnownFileType = sourcecode.swift; path = Group.swift; sourceTree = "<group>"; };
		A1FB42D4F9556466C92C637B /* Pods-L1_KhlebnikovIgorUI.debug.xcconfig */ = {isa = PBXFileReference; includeInIndex = 1; lastKnownFileType = text.xcconfig; name = "Pods-L1_KhlebnikovIgorUI.debug.xcconfig"; path = "Target Support Files/Pods-L1_KhlebnikovIgorUI/Pods-L1_KhlebnikovIgorUI.debug.xcconfig"; sourceTree = "<group>"; };
/* End PBXFileReference section */

/* Begin PBXFrameworksBuildPhase section */
		783C78E3232AF1A400FF27AD /* Frameworks */ = {
			isa = PBXFrameworksBuildPhase;
			buildActionMask = 2147483647;
			files = (
				E0BDA920D1A83662142ECDD7 /* Pods_L1_KhlebnikovIgorUI.framework in Frameworks */,
			);
			runOnlyForDeploymentPostprocessing = 0;
		};
/* End PBXFrameworksBuildPhase section */

/* Begin PBXGroup section */
		26B6DFED47F612C014B0FB92 /* Pods */ = {
			isa = PBXGroup;
			children = (
				A1FB42D4F9556466C92C637B /* Pods-L1_KhlebnikovIgorUI.debug.xcconfig */,
				4CB9D97A6D63244CF006847A /* Pods-L1_KhlebnikovIgorUI.release.xcconfig */,
			);
			path = Pods;
			sourceTree = "<group>";
		};
		7823611C232BEEE900A3A46D /* Source */ = {
			isa = PBXGroup;
			children = (
				7BAACF1F23CEFC29003BE01A /* Utils */,
				7B57AE9423CEE108007B017F /* Model */,
				7823612C232C70FA00A3A46D /* Cells */,
				783C78E9232AF1A400FF27AD /* AppDelegate.swift */,
				78236121232BF0C600A3A46D /* Views */,
				78236120232BF08C00A3A46D /* Controllers */,
			);
			name = Source;
			sourceTree = "<group>";
		};
		7823611F232BEF3F00A3A46D /* Resource */ = {
			isa = PBXGroup;
			children = (
				783C78F2232AF1AD00FF27AD /* LaunchScreen.storyboard */,
				783C78ED232AF1A400FF27AD /* Main.storyboard */,
				783C78F0232AF1AD00FF27AD /* Assets.xcassets */,
				7808F8542352479700A696B1 /* NewsCell.xib */,
			);
			name = Resource;
			sourceTree = "<group>";
		};
		78236120232BF08C00A3A46D /* Controllers */ = {
			isa = PBXGroup;
			children = (
				783C78FB232AF24C00FF27AD /* LoginFormController.swift */,
				78236122232C62E900A3A46D /* FrendsController.swift */,
				78236126232C666E00A3A46D /* UserGroupsController.swift */,
				78236128232C66B300A3A46D /* AllGroupsController.swift */,
				7823612A232C691200A3A46D /* AboutAFrendController.swift */,
				78EFD780234E072700AE8E75 /* PhotoGalleryController.swift */,
				7808F852235244B900A696B1 /* NewsLineController.swift */,
			);
			name = Controllers;
			sourceTree = "<group>";
		};
		78236121232BF0C600A3A46D /* Views */ = {
			isa = PBXGroup;
			children = (
				7871A6C723307AE5002F0E74 /* LikedControl.swift */,
				7871A6C923308F4A002F0E74 /* RoundedAvatar.swift */,
				78BF938E2353682500444FC9 /* LikedCounterControl.swift */,
			);
			name = Views;
			sourceTree = "<group>";
		};
		7823612C232C70FA00A3A46D /* Cells */ = {
			isa = PBXGroup;
			children = (
				7823612D232C712800A3A46D /* FrendTableCell.swift */,
				7823612F232C78D000A3A46D /* FrendCollectionCell.swift */,
				78236131232C7A7900A3A46D /* GroupTableCell.swift */,
				7808F8562352495600A696B1 /* NewsCell.swift */,
			);
			name = Cells;
			sourceTree = "<group>";
		};
		783C78DD232AF1A400FF27AD = {
			isa = PBXGroup;
			children = (
				783C78E8232AF1A400FF27AD /* L1_KhlebnikovIgorUI */,
				783C78E7232AF1A400FF27AD /* Products */,
				26B6DFED47F612C014B0FB92 /* Pods */,
				8B717FDF71B08B65FE751321 /* Frameworks */,
			);
			sourceTree = "<group>";
		};
		783C78E7232AF1A400FF27AD /* Products */ = {
			isa = PBXGroup;
			children = (
				783C78E6232AF1A400FF27AD /* L1_KhlebnikovIgorUI.app */,
			);
			name = Products;
			sourceTree = "<group>";
		};
		783C78E8232AF1A400FF27AD /* L1_KhlebnikovIgorUI */ = {
			isa = PBXGroup;
			children = (
				7823611F232BEF3F00A3A46D /* Resource */,
				7823611C232BEEE900A3A46D /* Source */,
				783C78F5232AF1AD00FF27AD /* Info.plist */,
			);
			path = L1_KhlebnikovIgorUI;
			sourceTree = "<group>";
		};
		7B57AE9423CEE108007B017F /* Model */ = {
			isa = PBXGroup;
			children = (
				7B57AE9523CEE2D2007B017F /* Session.swift */,
				7BE549FF23D1B83D00F49BA4 /* User.swift */,
				7BE54A0123D1CE0600F49BA4 /* Photo.swift */,
				7BE54A0323D1D12000F49BA4 /* Group.swift */,
			);
			name = Model;
			sourceTree = "<group>";
		};
		7BAACF1F23CEFC29003BE01A /* Utils */ = {
			isa = PBXGroup;
			children = (
				7BAACF2023CEFF72003BE01A /* VKApi.swift */,
			);
			name = Utils;
			sourceTree = "<group>";
		};
		8B717FDF71B08B65FE751321 /* Frameworks */ = {
			isa = PBXGroup;
			children = (
				6605B593753947368833BB96 /* Pods_L1_KhlebnikovIgorUI.framework */,
			);
			name = Frameworks;
			sourceTree = "<group>";
		};
/* End PBXGroup section */

/* Begin PBXNativeTarget section */
		783C78E5232AF1A400FF27AD /* L1_KhlebnikovIgorUI */ = {
			isa = PBXNativeTarget;
			buildConfigurationList = 783C78F8232AF1AD00FF27AD /* Build configuration list for PBXNativeTarget "L1_KhlebnikovIgorUI" */;
			buildPhases = (
				A3A359A415D8C885E283CA31 /* [CP] Check Pods Manifest.lock */,
				783C78E2232AF1A400FF27AD /* Sources */,
				783C78E3232AF1A400FF27AD /* Frameworks */,
				783C78E4232AF1A400FF27AD /* Resources */,
				E923411E0EF1AE41679E82DC /* [CP] Embed Pods Frameworks */,
			);
			buildRules = (
			);
			dependencies = (
			);
			name = L1_KhlebnikovIgorUI;
			productName = L1_KhlebnikovIgorUI;
			productReference = 783C78E6232AF1A400FF27AD /* L1_KhlebnikovIgorUI.app */;
			productType = "com.apple.product-type.application";
		};
/* End PBXNativeTarget section */

/* Begin PBXProject section */
		783C78DE232AF1A400FF27AD /* Project object */ = {
			isa = PBXProject;
			attributes = {
				LastSwiftUpdateCheck = 1020;
				LastUpgradeCheck = 1020;
				ORGANIZATIONNAME = Igor;
				TargetAttributes = {
					783C78E5232AF1A400FF27AD = {
						CreatedOnToolsVersion = 10.2.1;
					};
				};
			};
			buildConfigurationList = 783C78E1232AF1A400FF27AD /* Build configuration list for PBXProject "L1_KhlebnikovIgorUI" */;
			compatibilityVersion = "Xcode 9.3";
			developmentRegion = en;
			hasScannedForEncodings = 0;
			knownRegions = (
				en,
				Base,
			);
			mainGroup = 783C78DD232AF1A400FF27AD;
			productRefGroup = 783C78E7232AF1A400FF27AD /* Products */;
			projectDirPath = "";
			projectRoot = "";
			targets = (
				783C78E5232AF1A400FF27AD /* L1_KhlebnikovIgorUI */,
			);
		};
/* End PBXProject section */

/* Begin PBXResourcesBuildPhase section */
		783C78E4232AF1A400FF27AD /* Resources */ = {
			isa = PBXResourcesBuildPhase;
			buildActionMask = 2147483647;
			files = (
				783C78F4232AF1AD00FF27AD /* LaunchScreen.storyboard in Resources */,
				7808F8552352479800A696B1 /* NewsCell.xib in Resources */,
				783C78F1232AF1AD00FF27AD /* Assets.xcassets in Resources */,
				783C78EF232AF1A400FF27AD /* Main.storyboard in Resources */,
			);
			runOnlyForDeploymentPostprocessing = 0;
		};
/* End PBXResourcesBuildPhase section */

/* Begin PBXShellScriptBuildPhase section */
		A3A359A415D8C885E283CA31 /* [CP] Check Pods Manifest.lock */ = {
			isa = PBXShellScriptBuildPhase;
			buildActionMask = 2147483647;
			files = (
			);
			inputFileListPaths = (
			);
			inputPaths = (
				"${PODS_PODFILE_DIR_PATH}/Podfile.lock",
				"${PODS_ROOT}/Manifest.lock",
			);
			name = "[CP] Check Pods Manifest.lock";
			outputFileListPaths = (
			);
			outputPaths = (
				"$(DERIVED_FILE_DIR)/Pods-L1_KhlebnikovIgorUI-checkManifestLockResult.txt",
			);
			runOnlyForDeploymentPostprocessing = 0;
			shellPath = /bin/sh;
			shellScript = "diff \"${PODS_PODFILE_DIR_PATH}/Podfile.lock\" \"${PODS_ROOT}/Manifest.lock\" > /dev/null\nif [ $? != 0 ] ; then\n    # print error to STDERR\n    echo \"error: The sandbox is not in sync with the Podfile.lock. Run 'pod install' or update your CocoaPods installation.\" >&2\n    exit 1\nfi\n# This output is used by Xcode 'outputs' to avoid re-running this script phase.\necho \"SUCCESS\" > \"${SCRIPT_OUTPUT_FILE_0}\"\n";
			showEnvVarsInLog = 0;
		};
		E923411E0EF1AE41679E82DC /* [CP] Embed Pods Frameworks */ = {
			isa = PBXShellScriptBuildPhase;
			buildActionMask = 2147483647;
			files = (
			);
			inputFileListPaths = (
				"${PODS_ROOT}/Target Support Files/Pods-L1_KhlebnikovIgorUI/Pods-L1_KhlebnikovIgorUI-frameworks-${CONFIGURATION}-input-files.xcfilelist",
			);
			name = "[CP] Embed Pods Frameworks";
			outputFileListPaths = (
				"${PODS_ROOT}/Target Support Files/Pods-L1_KhlebnikovIgorUI/Pods-L1_KhlebnikovIgorUI-frameworks-${CONFIGURATION}-output-files.xcfilelist",
			);
			runOnlyForDeploymentPostprocessing = 0;
			shellPath = /bin/sh;
			shellScript = "\"${PODS_ROOT}/Target Support Files/Pods-L1_KhlebnikovIgorUI/Pods-L1_KhlebnikovIgorUI-frameworks.sh\"\n";
			showEnvVarsInLog = 0;
		};
/* End PBXShellScriptBuildPhase section */

/* Begin PBXSourcesBuildPhase section */
		783C78E2232AF1A400FF27AD /* Sources */ = {
			isa = PBXSourcesBuildPhase;
			buildActionMask = 2147483647;
			files = (
				78236127232C666E00A3A46D /* UserGroupsController.swift in Sources */,
				7808F853235244B900A696B1 /* NewsLineController.swift in Sources */,
				7823612E232C712800A3A46D /* FrendTableCell.swift in Sources */,
				7BE54A0423D1D12000F49BA4 /* Group.swift in Sources */,
				78236132232C7A7900A3A46D /* GroupTableCell.swift in Sources */,
				7808F8572352495600A696B1 /* NewsCell.swift in Sources */,
				7823612B232C691200A3A46D /* AboutAFrendController.swift in Sources */,
				78BF938F2353682500444FC9 /* LikedCounterControl.swift in Sources */,
				783C78EA232AF1A400FF27AD /* AppDelegate.swift in Sources */,
				78236129232C66B300A3A46D /* AllGroupsController.swift in Sources */,
				783C78FC232AF24C00FF27AD /* LoginFormController.swift in Sources */,
				7871A6CA23308F4A002F0E74 /* RoundedAvatar.swift in Sources */,
				78236123232C62E900A3A46D /* FrendsController.swift in Sources */,
				7BE54A0223D1CE0600F49BA4 /* Photo.swift in Sources */,
				7B57AE9623CEE2D2007B017F /* Session.swift in Sources */,
				7BAACF2123CEFF72003BE01A /* VKApi.swift in Sources */,
				7BE54A0023D1B83D00F49BA4 /* User.swift in Sources */,
				78EFD781234E072700AE8E75 /* PhotoGalleryController.swift in Sources */,
				78236130232C78D000A3A46D /* FrendCollectionCell.swift in Sources */,
				7871A6C823307AE5002F0E74 /* LikedControl.swift in Sources */,
			);
			runOnlyForDeploymentPostprocessing = 0;
		};
/* End PBXSourcesBuildPhase section */

/* Begin PBXVariantGroup section */
		783C78ED232AF1A400FF27AD /* Main.storyboard */ = {
			isa = PBXVariantGroup;
			children = (
				783C78EE232AF1A400FF27AD /* Base */,
			);
			name = Main.storyboard;
			sourceTree = "<group>";
		};
		783C78F2232AF1AD00FF27AD /* LaunchScreen.storyboard */ = {
			isa = PBXVariantGroup;
			children = (
				783C78F3232AF1AD00FF27AD /* Base */,
			);
			name = LaunchScreen.storyboard;
			sourceTree = "<group>";
		};
/* End PBXVariantGroup section */

/* Begin XCBuildConfiguration section */
		783C78F6232AF1AD00FF27AD /* Debug */ = {
			isa = XCBuildConfiguration;
			buildSettings = {
				ALWAYS_SEARCH_USER_PATHS = NO;
				CLANG_ANALYZER_NONNULL = YES;
				CLANG_ANALYZER_NUMBER_OBJECT_CONVERSION = YES_AGGRESSIVE;
				CLANG_CXX_LANGUAGE_STANDARD = "gnu++14";
				CLANG_CXX_LIBRARY = "libc++";
				CLANG_ENABLE_MODULES = YES;
				CLANG_ENABLE_OBJC_ARC = YES;
				CLANG_ENABLE_OBJC_WEAK = YES;
				CLANG_WARN_BLOCK_CAPTURE_AUTORELEASING = YES;
				CLANG_WARN_BOOL_CONVERSION = YES;
				CLANG_WARN_COMMA = YES;
				CLANG_WARN_CONSTANT_CONVERSION = YES;
				CLANG_WARN_DEPRECATED_OBJC_IMPLEMENTATIONS = YES;
				CLANG_WARN_DIRECT_OBJC_ISA_USAGE = YES_ERROR;
				CLANG_WARN_DOCUMENTATION_COMMENTS = YES;
				CLANG_WARN_EMPTY_BODY = YES;
				CLANG_WARN_ENUM_CONVERSION = YES;
				CLANG_WARN_INFINITE_RECURSION = YES;
				CLANG_WARN_INT_CONVERSION = YES;
				CLANG_WARN_NON_LITERAL_NULL_CONVERSION = YES;
				CLANG_WARN_OBJC_IMPLICIT_RETAIN_SELF = YES;
				CLANG_WARN_OBJC_LITERAL_CONVERSION = YES;
				CLANG_WARN_OBJC_ROOT_CLASS = YES_ERROR;
				CLANG_WARN_RANGE_LOOP_ANALYSIS = YES;
				CLANG_WARN_STRICT_PROTOTYPES = YES;
				CLANG_WARN_SUSPICIOUS_MOVE = YES;
				CLANG_WARN_UNGUARDED_AVAILABILITY = YES_AGGRESSIVE;
				CLANG_WARN_UNREACHABLE_CODE = YES;
				CLANG_WARN__DUPLICATE_METHOD_MATCH = YES;
				CODE_SIGN_IDENTITY = "iPhone Developer";
				COPY_PHASE_STRIP = NO;
				DEBUG_INFORMATION_FORMAT = dwarf;
				ENABLE_STRICT_OBJC_MSGSEND = YES;
				ENABLE_TESTABILITY = YES;
				GCC_C_LANGUAGE_STANDARD = gnu11;
				GCC_DYNAMIC_NO_PIC = NO;
				GCC_NO_COMMON_BLOCKS = YES;
				GCC_OPTIMIZATION_LEVEL = 0;
				GCC_PREPROCESSOR_DEFINITIONS = (
					"DEBUG=1",
					"$(inherited)",
				);
				GCC_WARN_64_TO_32_BIT_CONVERSION = YES;
				GCC_WARN_ABOUT_RETURN_TYPE = YES_ERROR;
				GCC_WARN_UNDECLARED_SELECTOR = YES;
				GCC_WARN_UNINITIALIZED_AUTOS = YES_AGGRESSIVE;
				GCC_WARN_UNUSED_FUNCTION = YES;
				GCC_WARN_UNUSED_VARIABLE = YES;
				IPHONEOS_DEPLOYMENT_TARGET = 12.2;
				MTL_ENABLE_DEBUG_INFO = INCLUDE_SOURCE;
				MTL_FAST_MATH = YES;
				ONLY_ACTIVE_ARCH = YES;
				SDKROOT = iphoneos;
				SWIFT_ACTIVE_COMPILATION_CONDITIONS = DEBUG;
				SWIFT_OPTIMIZATION_LEVEL = "-Onone";
			};
			name = Debug;
		};
		783C78F7232AF1AD00FF27AD /* Release */ = {
			isa = XCBuildConfiguration;
			buildSettings = {
				ALWAYS_SEARCH_USER_PATHS = NO;
				CLANG_ANALYZER_NONNULL = YES;
				CLANG_ANALYZER_NUMBER_OBJECT_CONVERSION = YES_AGGRESSIVE;
				CLANG_CXX_LANGUAGE_STANDARD = "gnu++14";
				CLANG_CXX_LIBRARY = "libc++";
				CLANG_ENABLE_MODULES = YES;
				CLANG_ENABLE_OBJC_ARC = YES;
				CLANG_ENABLE_OBJC_WEAK = YES;
				CLANG_WARN_BLOCK_CAPTURE_AUTORELEASING = YES;
				CLANG_WARN_BOOL_CONVERSION = YES;
				CLANG_WARN_COMMA = YES;
				CLANG_WARN_CONSTANT_CONVERSION = YES;
				CLANG_WARN_DEPRECATED_OBJC_IMPLEMENTATIONS = YES;
				CLANG_WARN_DIRECT_OBJC_ISA_USAGE = YES_ERROR;
				CLANG_WARN_DOCUMENTATION_COMMENTS = YES;
				CLANG_WARN_EMPTY_BODY = YES;
				CLANG_WARN_ENUM_CONVERSION = YES;
				CLANG_WARN_INFINITE_RECURSION = YES;
				CLANG_WARN_INT_CONVERSION = YES;
				CLANG_WARN_NON_LITERAL_NULL_CONVERSION = YES;
				CLANG_WARN_OBJC_IMPLICIT_RETAIN_SELF = YES;
				CLANG_WARN_OBJC_LITERAL_CONVERSION = YES;
				CLANG_WARN_OBJC_ROOT_CLASS = YES_ERROR;
				CLANG_WARN_RANGE_LOOP_ANALYSIS = YES;
				CLANG_WARN_STRICT_PROTOTYPES = YES;
				CLANG_WARN_SUSPICIOUS_MOVE = YES;
				CLANG_WARN_UNGUARDED_AVAILABILITY = YES_AGGRESSIVE;
				CLANG_WARN_UNREACHABLE_CODE = YES;
				CLANG_WARN__DUPLICATE_METHOD_MATCH = YES;
				CODE_SIGN_IDENTITY = "iPhone Developer";
				COPY_PHASE_STRIP = NO;
				DEBUG_INFORMATION_FORMAT = "dwarf-with-dsym";
				ENABLE_NS_ASSERTIONS = NO;
				ENABLE_STRICT_OBJC_MSGSEND = YES;
				GCC_C_LANGUAGE_STANDARD = gnu11;
				GCC_NO_COMMON_BLOCKS = YES;
				GCC_WARN_64_TO_32_BIT_CONVERSION = YES;
				GCC_WARN_ABOUT_RETURN_TYPE = YES_ERROR;
				GCC_WARN_UNDECLARED_SELECTOR = YES;
				GCC_WARN_UNINITIALIZED_AUTOS = YES_AGGRESSIVE;
				GCC_WARN_UNUSED_FUNCTION = YES;
				GCC_WARN_UNUSED_VARIABLE = YES;
				IPHONEOS_DEPLOYMENT_TARGET = 12.2;
				MTL_ENABLE_DEBUG_INFO = NO;
				MTL_FAST_MATH = YES;
				SDKROOT = iphoneos;
				SWIFT_COMPILATION_MODE = wholemodule;
				SWIFT_OPTIMIZATION_LEVEL = "-O";
				VALIDATE_PRODUCT = YES;
			};
			name = Release;
		};
		783C78F9232AF1AD00FF27AD /* Debug */ = {
			isa = XCBuildConfiguration;
			baseConfigurationReference = A1FB42D4F9556466C92C637B /* Pods-L1_KhlebnikovIgorUI.debug.xcconfig */;
			buildSettings = {
				ASSETCATALOG_COMPILER_APPICON_NAME = AppIcon;
				CODE_SIGN_STYLE = Automatic;
				DEVELOPMENT_TEAM = FFSM5YGFFY;
				INFOPLIST_FILE = L1_KhlebnikovIgorUI/Info.plist;
				LD_RUNPATH_SEARCH_PATHS = (
					"$(inherited)",
					"@executable_path/Frameworks",
				);
				PRODUCT_BUNDLE_IDENTIFIER = "geekbrains.L1-KhlebnikovIgorUI";
				PRODUCT_NAME = "$(TARGET_NAME)";
				SWIFT_VERSION = 5.0;
				TARGETED_DEVICE_FAMILY = "1,2";
			};
			name = Debug;
		};
		783C78FA232AF1AD00FF27AD /* Release */ = {
			isa = XCBuildConfiguration;
			baseConfigurationReference = 4CB9D97A6D63244CF006847A /* Pods-L1_KhlebnikovIgorUI.release.xcconfig */;
			buildSettings = {
				ASSETCATALOG_COMPILER_APPICON_NAME = AppIcon;
				CODE_SIGN_STYLE = Automatic;
				DEVELOPMENT_TEAM = FFSM5YGFFY;
				INFOPLIST_FILE = L1_KhlebnikovIgorUI/Info.plist;
				LD_RUNPATH_SEARCH_PATHS = (
					"$(inherited)",
					"@executable_path/Frameworks",
				);
				PRODUCT_BUNDLE_IDENTIFIER = "geekbrains.L1-KhlebnikovIgorUI";
				PRODUCT_NAME = "$(TARGET_NAME)";
				SWIFT_VERSION = 5.0;
				TARGETED_DEVICE_FAMILY = "1,2";
			};
			name = Release;
		};
/* End XCBuildConfiguration section */

/* Begin XCConfigurationList section */
		783C78E1232AF1A400FF27AD /* Build configuration list for PBXProject "L1_KhlebnikovIgorUI" */ = {
			isa = XCConfigurationList;
			buildConfigurations = (
				783C78F6232AF1AD00FF27AD /* Debug */,
				783C78F7232AF1AD00FF27AD /* Release */,
			);
			defaultConfigurationIsVisible = 0;
			defaultConfigurationName = Release;
		};
		783C78F8232AF1AD00FF27AD /* Build configuration list for PBXNativeTarget "L1_KhlebnikovIgorUI" */ = {
			isa = XCConfigurationList;
			buildConfigurations = (
				783C78F9232AF1AD00FF27AD /* Debug */,
				783C78FA232AF1AD00FF27AD /* Release */,
			);
			defaultConfigurationIsVisible = 0;
			defaultConfigurationName = Release;
		};
/* End XCConfigurationList section */
	};
	rootObject = 783C78DE232AF1A400FF27AD /* Project object */;
}
